# This file was autogenerated by Stack.
# You should not edit this file by hand.
# For more information, please see the documentation at:
#   https://docs.haskellstack.org/en/stable/lock_files

packages:
- completed:
    hackage: Chart-cairo-1.9.3@sha256:893d9da563b54350da20f258fe75e894f71ba5297dacc6b531407e0abc8988b4,924
    pantry-tree:
      size: 238
      sha256: a1e9dacd05d87844edba226fc7d9fc6540336f57d4810e9c3e641cfbc9f0c16a
  original:
    hackage: Chart-cairo-1.9.3@sha256:893d9da563b54350da20f258fe75e894f71ba5297dacc6b531407e0abc8988b4,924
- completed:
    hackage: diagrams-cairo-1.4.2@sha256:a9586a56c90fca258988ad0d1eec122ed62dadbfdd8a4ef022d02c1de0268cdd,3810
    pantry-tree:
      size: 721
      sha256: 88df16c82f65c6550965c1b688baee51beeba816feb0f1927365befdf65b7e0b
  original:
    hackage: diagrams-cairo-1.4.2@sha256:a9586a56c90fca258988ad0d1eec122ed62dadbfdd8a4ef022d02c1de0268cdd,3810
- completed:
    hackage: cairo-0.13.8.2@sha256:ef1709c3c4d2c6d68a9a51d9f220dccc0745f6468d2d0868c15a7ecdf8f325a1,4078
    pantry-tree:
      size: 2830
      sha256: d6a9b3a15bc2e7b53fda331279cfdbc299fbf0c4be2ee8c1b6b79b924b6fdeb4
  original:
    hackage: cairo-0.13.8.2
- completed:
    hackage: pango-0.13.8.2@sha256:d4057ebddade4cde3e25d7755b5e030e7a7e56fe7365afd37916a7bba46d3fd9,3917
    pantry-tree:
      size: 1506
      sha256: 10c335853e1d43e0b7426b33e8ddbdb90b3e318ebec4d58f0726a2f4cfb2e1c9
  original:
    hackage: pango-0.13.8.2
- completed:
    hackage: glib-0.13.8.2@sha256:f44b829e741b3c3244d523f60b058701dfc067ff64c2ba61d43be4cccfc2663d,3156
    pantry-tree:
      size: 1625
      sha256: 2442a22152231a94e2f1ecfe7ddc0f4e5fb2d5ae116b371508a448bd3312ef06
  original:
    hackage: glib-0.13.8.2
- completed:
    hackage: gtk2hs-buildtools-0.13.8.3@sha256:207229eee7abff12aba2740b32131522086275e46f2e72a0f5bbc3cb781e9d4d,5304
    pantry-tree:
      size: 3588
      sha256: 1f93c6dbf2573503c48019fdf9f4662dcac494beaecccaea1873ec901eb2152f
  original:
    hackage: gtk2hs-buildtools-0.13.8.3
- completed:
    hackage: plot-0.2.3.11@sha256:9564d62da798b74a5ab875996f45adf1c3071e161247faa9a9d1b036e6634a4a,4413
    pantry-tree:
      size: 2704
      sha256: 2b9cb15fa582d3cdc9f43e6ffaf401e36535909b3620c5f54bd9b7cca5dfeb44
  original:
    hackage: plot-0.2.3.11
- completed:
    subdir: .
    name: ihaskell
    version: 0.10.2.2
    git: https://github.com/IHaskell/IHaskell
    pantry-tree:
      size: 22178
      sha256: 3c164931cc2cbbb61c6f01f9999b9c9f57132ef57595385bf6e2010c6b90499d
    commit: 5bcfb8976cbd4dbdf0ee6e38b2c0d0021068b354
  original:
    subdir: .
    git: https://github.com/IHaskell/IHaskell
    commit: 5bcfb8976cbd4dbdf0ee6e38b2c0d0021068b354
- completed:
    subdir: ghc-parser
    name: ghc-parser
    version: 0.2.3.0
    git: https://github.com/IHaskell/IHaskell
    pantry-tree:
      size: 654
      sha256: e361b3a79e124b4f820b52ed386aaff9b85611e870db7b09724bfa47d0e05160
    commit: 5bcfb8976cbd4dbdf0ee6e38b2c0d0021068b354
  original:
    subdir: ghc-parser
    git: https://github.com/IHaskell/IHaskell
    commit: 5bcfb8976cbd4dbdf0ee6e38b2c0d0021068b354
- completed:
    subdir: ihaskell-display/ihaskell-juicypixels
    name: ihaskell-juicypixels
    version: 1.1.0.1
    git: https://github.com/IHaskell/IHaskell
    pantry-tree:
      size: 287
      sha256: f234760b24b0a2f750cf1f7c0213e3c0d1d15adba235813fdfa87355e31abcd3
    commit: 5bcfb8976cbd4dbdf0ee6e38b2c0d0021068b354
  original:
    subdir: ihaskell-display/ihaskell-juicypixels
    git: https://github.com/IHaskell/IHaskell
    commit: 5bcfb8976cbd4dbdf0ee6e38b2c0d0021068b354
- completed:
    subdir: ihaskell-display/ihaskell-aeson
    name: ihaskell-aeson
    version: 0.3.0.1
    git: https://github.com/IHaskell/IHaskell
    pantry-tree:
      size: 223
      sha256: a623867319b8f0ca52fe92593d87b7ebd6bdd10c3bc766b45f62855ed9e8b77e
    commit: 5bcfb8976cbd4dbdf0ee6e38b2c0d0021068b354
  original:
    subdir: ihaskell-display/ihaskell-aeson
    git: https://github.com/IHaskell/IHaskell
    commit: 5bcfb8976cbd4dbdf0ee6e38b2c0d0021068b354
- completed:
    hackage: statestack-0.3@sha256:437941f253bc7a6d8321e67938667bae53d7765b256a45976accadd85f6e1703,1146
    pantry-tree:
      size: 272
      sha256: 5b0ba98ac695eccbba33aae8eccf2b6dd8aa3d16d38db65e9e4c231aaa5e4082
  original:
    hackage: statestack-0.3
- completed:
    hackage: dual-tree-0.2.3.0@sha256:be4b8ecb2ecef798f88ee569d043f3f19c32f6dd083329cd7cfcb482f0bc6233,2882
    pantry-tree:
      size: 387
      sha256: db681941c4b21ef09d6aef232a8424edd2ca08ad8d4480480d9fbbbad78b0e50
  original:
    hackage: dual-tree-0.2.3.0
- completed:
    hackage: monoid-extras-0.6@sha256:fabcab0a59ac48d8f271016cf8190b21969b202c760df2db85add2fef93d38b4,2197
    pantry-tree:
      size: 1187
      sha256: b07d7eef465c7cbc2f5c8368ef98b8a746166cb6953c1f51643f9fba6ead99e0
  original:
    hackage: monoid-extras-0.6
- completed:
    hackage: svg-builder-0.1.1@sha256:825ebc18c4e457efa1bc6ca5f90f5abc80566992e8ffdab6ccb782407a46db32,1569
    pantry-tree:
      size: 535
      sha256: 4082f112e4f3d6363df6d12906b24bdcc9ebd7ac2c683841fac1254324373f8f
  original:
    hackage: svg-builder-0.1.1
- completed:
    hackage: force-layout-0.4.0.6@sha256:246a26ca944ec7d4f1b7f971d008427c1b83b20b2e2174b551d5cfb7d90ad745,1298
    pantry-tree:
      size: 276
      sha256: a5ed73ea0e79d4302b4a85e943f50cda594196e8cb592a4c7bdebec899ab7b0a
  original:
    hackage: force-layout-0.4.0.6
- completed:
    hackage: gloss-juicy-0.2.3@sha256:0c3bca95237cbf91f8b3b1936a0661f1e0457acd80502276d54d6c5210f88b25,1618
    pantry-tree:
      size: 273
      sha256: 914c08509bc3da4707d90e542b44833ca1a62abc83c2848f87df3d7a7a1d7e03
  original:
    hackage: gloss-juicy-0.2.3@sha256:0c3bca95237cbf91f8b3b1936a0661f1e0457acd80502276d54d6c5210f88b25,1618
- completed:
    hackage: servant-auth-swagger-0.2.10.1@sha256:fa8f542dc6f7614f589673bfaa1aa92d824daba6fb64495d68b3b3f4d4e5df32,2903
    pantry-tree:
      size: 408
      sha256: 4c8189ab9808b7e0c4e0a786bd511f4cecdd3b94ba8488db32aac8d96ba5e344
  original:
    hackage: servant-auth-swagger-0.2.10.1@sha256:fa8f542dc6f7614f589673bfaa1aa92d824daba6fb64495d68b3b3f4d4e5df32,2903
snapshots:
- completed:
    size: 616785
    url: https://raw.githubusercontent.com/commercialhaskell/stackage-snapshots/master/nightly/2022/7/12.yaml
    sha256: 9dec9fef18b93e90be520f16d8e7c79c82e967f535f91dbe87dad75cb09d7c04
  original: nightly-2022-07-12
